
Microsoft Visual Studio Solution File, Format Version 12.00
# Visual Studio Version 16
VisualStudioVersion = 16.0.31410.357
MinimumVisualStudioVersion = 10.0.40219.1
Project("{9A19103F-16F7-4668-BE54-9A1E7A4F7556}") = "Tetris", "Tetris\Tetris.csproj", "{DBCF65FF-DB8D-49C3-AECE-9A2501D4A9B8}"
EndProject
Global
	GlobalSection(SolutionConfigurationPlatforms) = preSolution
		Debug|Any CPU = Debug|Any CPU
		Release|Any CPU = Release|Any CPU
	EndGlobalSection
	GlobalSection(ProjectConfigurationPlatforms) = postSolution
		{DBCF65FF-DB8D-49C3-AECE-9A2501D4A9B8}.Debug|Any CPU.ActiveCfg = Debug|Any CPU
		{DBCF65FF-DB8D-49C3-AECE-9A2501D4A9B8}.Debug|Any CPU.Build.0 = Debug|Any CPU
		{DBCF65FF-DB8D-49C3-AECE-9A2501D4A9B8}.Release|Any CPU.ActiveCfg = Release|Any CPU
		{DBCF65FF-DB8D-49C3-AECE-9A2501D4A9B8}.Release|Any CPU.Build.0 = Release|Any CPU
	EndGlobalSection
	GlobalSection(SolutionProperties) = preSolution
		HideSolutionNode = FALSE
	EndGlobalSection
	GlobalSection(ExtensibilityGlobals) = postSolution
		SolutionGuid = {251D0A45-5890-442B-9316-92ED70C1E4AE}
	EndGlobalSection
EndGlobal
