
Microsoft Visual Studio Solution File, Format Version 12.00
# Visual Studio Version 16
VisualStudioVersion = 16.0.31410.357
MinimumVisualStudioVersion = 10.0.40219.1
Project("{FAE04EC0-301F-11D3-BF4B-00C04F79EFBC}") = "Classes", "Classes\Classes.csproj", "{81A00EF3-C5E3-450F-89D1-7AD206DF2065}"
EndProject
Global
	GlobalSection(SolutionConfigurationPlatforms) = preSolution
		Debug|Any CPU = Debug|Any CPU
		Release|Any CPU = Release|Any CPU
	EndGlobalSection
	GlobalSection(ProjectConfigurationPlatforms) = postSolution
		{81A00EF3-C5E3-450F-89D1-7AD206DF2065}.Debug|Any CPU.ActiveCfg = Debug|Any CPU
		{81A00EF3-C5E3-450F-89D1-7AD206DF2065}.Debug|Any CPU.Build.0 = Debug|Any CPU
		{81A00EF3-C5E3-450F-89D1-7AD206DF2065}.Release|Any CPU.ActiveCfg = Release|Any CPU
		{81A00EF3-C5E3-450F-89D1-7AD206DF2065}.Release|Any CPU.Build.0 = Release|Any CPU
	EndGlobalSection
	GlobalSection(SolutionProperties) = preSolution
		HideSolutionNode = FALSE
	EndGlobalSection
	GlobalSection(ExtensibilityGlobals) = postSolution
		SolutionGuid = {B5BEB931-8F6F-4125-9E42-31990DD68566}
	EndGlobalSection
EndGlobal
