
Microsoft Visual Studio Solution File, Format Version 12.00
# Visual Studio Version 16
VisualStudioVersion = 16.0.31410.357
MinimumVisualStudioVersion = 10.0.40219.1
Project("{FAE04EC0-301F-11D3-BF4B-00C04F79EFBC}") = "FaroShuffle", "FaroShuffle\FaroShuffle.csproj", "{389CF8D5-4100-4486-95D5-37EC9002BCD6}"
EndProject
Global
	GlobalSection(SolutionConfigurationPlatforms) = preSolution
		Debug|Any CPU = Debug|Any CPU
		Release|Any CPU = Release|Any CPU
	EndGlobalSection
	GlobalSection(ProjectConfigurationPlatforms) = postSolution
		{389CF8D5-4100-4486-95D5-37EC9002BCD6}.Debug|Any CPU.ActiveCfg = Debug|Any CPU
		{389CF8D5-4100-4486-95D5-37EC9002BCD6}.Debug|Any CPU.Build.0 = Debug|Any CPU
		{389CF8D5-4100-4486-95D5-37EC9002BCD6}.Release|Any CPU.ActiveCfg = Release|Any CPU
		{389CF8D5-4100-4486-95D5-37EC9002BCD6}.Release|Any CPU.Build.0 = Release|Any CPU
	EndGlobalSection
	GlobalSection(SolutionProperties) = preSolution
		HideSolutionNode = FALSE
	EndGlobalSection
	GlobalSection(ExtensibilityGlobals) = postSolution
		SolutionGuid = {AA15EFC8-549B-4C1C-AECC-D0CE5A4CF8BE}
	EndGlobalSection
EndGlobal
