
Microsoft Visual Studio Solution File, Format Version 12.00
# Visual Studio Version 16
VisualStudioVersion = 16.0.31424.327
MinimumVisualStudioVersion = 10.0.40219.1
Project("{9A19103F-16F7-4668-BE54-9A1E7A4F7556}") = "FinanceMentor1.Server", "FinanceMentor1\Server\FinanceMentor1.Server.csproj", "{151AE988-C27C-40B1-BAB7-E56194A7EDAB}"
EndProject
Project("{9A19103F-16F7-4668-BE54-9A1E7A4F7556}") = "FinanceMentor1.Client", "FinanceMentor1\Client\FinanceMentor1.Client.csproj", "{728C9ECE-EA9F-4C51-BE05-6BF583EC3E8A}"
EndProject
Project("{9A19103F-16F7-4668-BE54-9A1E7A4F7556}") = "FinanceMentor1.Shared", "FinanceMentor1\Shared\FinanceMentor1.Shared.csproj", "{F7BE203F-4546-475B-8DDE-9C97EB54E5C5}"
EndProject
Global
	GlobalSection(SolutionConfigurationPlatforms) = preSolution
		Debug|Any CPU = Debug|Any CPU
		Release|Any CPU = Release|Any CPU
	EndGlobalSection
	GlobalSection(ProjectConfigurationPlatforms) = postSolution
		{151AE988-C27C-40B1-BAB7-E56194A7EDAB}.Debug|Any CPU.ActiveCfg = Debug|Any CPU
		{151AE988-C27C-40B1-BAB7-E56194A7EDAB}.Debug|Any CPU.Build.0 = Debug|Any CPU
		{151AE988-C27C-40B1-BAB7-E56194A7EDAB}.Release|Any CPU.ActiveCfg = Release|Any CPU
		{151AE988-C27C-40B1-BAB7-E56194A7EDAB}.Release|Any CPU.Build.0 = Release|Any CPU
		{728C9ECE-EA9F-4C51-BE05-6BF583EC3E8A}.Debug|Any CPU.ActiveCfg = Debug|Any CPU
		{728C9ECE-EA9F-4C51-BE05-6BF583EC3E8A}.Debug|Any CPU.Build.0 = Debug|Any CPU
		{728C9ECE-EA9F-4C51-BE05-6BF583EC3E8A}.Release|Any CPU.ActiveCfg = Release|Any CPU
		{728C9ECE-EA9F-4C51-BE05-6BF583EC3E8A}.Release|Any CPU.Build.0 = Release|Any CPU
		{F7BE203F-4546-475B-8DDE-9C97EB54E5C5}.Debug|Any CPU.ActiveCfg = Debug|Any CPU
		{F7BE203F-4546-475B-8DDE-9C97EB54E5C5}.Debug|Any CPU.Build.0 = Debug|Any CPU
		{F7BE203F-4546-475B-8DDE-9C97EB54E5C5}.Release|Any CPU.ActiveCfg = Release|Any CPU
		{F7BE203F-4546-475B-8DDE-9C97EB54E5C5}.Release|Any CPU.Build.0 = Release|Any CPU
	EndGlobalSection
	GlobalSection(SolutionProperties) = preSolution
		HideSolutionNode = FALSE
	EndGlobalSection
	GlobalSection(ExtensibilityGlobals) = postSolution
		SolutionGuid = {FA1FF4FB-DD83-4324-96DF-719A0459BD8A}
	EndGlobalSection
EndGlobal
